
Microsoft Visual Studio Solution File, Format Version 12.00
# Visual Studio 15
VisualStudioVersion = 15.0.26124.0
MinimumVisualStudioVersion = 15.0.26124.0
Project("{2150E333-8FDC-42A3-9474-1A3956D46DE8}") = ".paket", ".paket", "{1D3228D5-B361-4BA6-9BCE-FD5ACC9F606F}"
	ProjectSection(SolutionItems) = preProject
		paket.dependencies = paket.dependencies
	EndProjectSection
EndProject
Project("{F2A71F9B-5D33-465A-A702-920D77279786}") = "MainProj", "MainProj\MainProj.fsproj", "{7C8F3C89-3810-4DA4-977C-E14A1F376262}"
EndProject
Project("{F2A71F9B-5D33-465A-A702-920D77279786}") = "MainLib", "MainLib\MainLib.fsproj", "{F0010E03-05FB-4AD4-8CFC-D52F3715606D}"
EndProject
Project("{F2A71F9B-5D33-465A-A702-920D77279786}") = "SharedLib", "SharedLib\SharedLib.fsproj", "{DF777867-3388-4E97-8276-0C8DEE50B34B}"
EndProject
Global
	GlobalSection(SolutionConfigurationPlatforms) = preSolution
		Debug|Any CPU = Debug|Any CPU
		Debug|x64 = Debug|x64
		Debug|x86 = Debug|x86
		Release|Any CPU = Release|Any CPU
		Release|x64 = Release|x64
		Release|x86 = Release|x86
	EndGlobalSection
	GlobalSection(SolutionProperties) = preSolution
		HideSolutionNode = FALSE
	EndGlobalSection
	GlobalSection(ProjectConfigurationPlatforms) = postSolution
		{7C8F3C89-3810-4DA4-977C-E14A1F376262}.Debug|Any CPU.ActiveCfg = Debug|Any CPU
		{7C8F3C89-3810-4DA4-977C-E14A1F376262}.Debug|Any CPU.Build.0 = Debug|Any CPU
		{7C8F3C89-3810-4DA4-977C-E14A1F376262}.Debug|x64.ActiveCfg = Debug|Any CPU
		{7C8F3C89-3810-4DA4-977C-E14A1F376262}.Debug|x64.Build.0 = Debug|Any CPU
		{7C8F3C89-3810-4DA4-977C-E14A1F376262}.Debug|x86.ActiveCfg = Debug|Any CPU
		{7C8F3C89-3810-4DA4-977C-E14A1F376262}.Debug|x86.Build.0 = Debug|Any CPU
		{7C8F3C89-3810-4DA4-977C-E14A1F376262}.Release|Any CPU.ActiveCfg = Release|Any CPU
		{7C8F3C89-3810-4DA4-977C-E14A1F376262}.Release|Any CPU.Build.0 = Release|Any CPU
		{7C8F3C89-3810-4DA4-977C-E14A1F376262}.Release|x64.ActiveCfg = Release|Any CPU
		{7C8F3C89-3810-4DA4-977C-E14A1F376262}.Release|x64.Build.0 = Release|Any CPU
		{7C8F3C89-3810-4DA4-977C-E14A1F376262}.Release|x86.ActiveCfg = Release|Any CPU
		{7C8F3C89-3810-4DA4-977C-E14A1F376262}.Release|x86.Build.0 = Release|Any CPU
		{F0010E03-05FB-4AD4-8CFC-D52F3715606D}.Debug|Any CPU.ActiveCfg = Debug|Any CPU
		{F0010E03-05FB-4AD4-8CFC-D52F3715606D}.Debug|Any CPU.Build.0 = Debug|Any CPU
		{F0010E03-05FB-4AD4-8CFC-D52F3715606D}.Debug|x64.ActiveCfg = Debug|Any CPU
		{F0010E03-05FB-4AD4-8CFC-D52F3715606D}.Debug|x64.Build.0 = Debug|Any CPU
		{F0010E03-05FB-4AD4-8CFC-D52F3715606D}.Debug|x86.ActiveCfg = Debug|Any CPU
		{F0010E03-05FB-4AD4-8CFC-D52F3715606D}.Debug|x86.Build.0 = Debug|Any CPU
		{F0010E03-05FB-4AD4-8CFC-D52F3715606D}.Release|Any CPU.ActiveCfg = Release|Any CPU
		{F0010E03-05FB-4AD4-8CFC-D52F3715606D}.Release|Any CPU.Build.0 = Release|Any CPU
		{F0010E03-05FB-4AD4-8CFC-D52F3715606D}.Release|x64.ActiveCfg = Release|Any CPU
		{F0010E03-05FB-4AD4-8CFC-D52F3715606D}.Release|x64.Build.0 = Release|Any CPU
		{F0010E03-05FB-4AD4-8CFC-D52F3715606D}.Release|x86.ActiveCfg = Release|Any CPU
		{F0010E03-05FB-4AD4-8CFC-D52F3715606D}.Release|x86.Build.0 = Release|Any CPU
		{DF777867-3388-4E97-8276-0C8DEE50B34B}.Debug|Any CPU.ActiveCfg = Debug|Any CPU
		{DF777867-3388-4E97-8276-0C8DEE50B34B}.Debug|Any CPU.Build.0 = Debug|Any CPU
		{DF777867-3388-4E97-8276-0C8DEE50B34B}.Debug|x64.ActiveCfg = Debug|Any CPU
		{DF777867-3388-4E97-8276-0C8DEE50B34B}.Debug|x64.Build.0 = Debug|Any CPU
		{DF777867-3388-4E97-8276-0C8DEE50B34B}.Debug|x86.ActiveCfg = Debug|Any CPU
		{DF777867-3388-4E97-8276-0C8DEE50B34B}.Debug|x86.Build.0 = Debug|Any CPU
		{DF777867-3388-4E97-8276-0C8DEE50B34B}.Release|Any CPU.ActiveCfg = Release|Any CPU
		{DF777867-3388-4E97-8276-0C8DEE50B34B}.Release|Any CPU.Build.0 = Release|Any CPU
		{DF777867-3388-4E97-8276-0C8DEE50B34B}.Release|x64.ActiveCfg = Release|Any CPU
		{DF777867-3388-4E97-8276-0C8DEE50B34B}.Release|x64.Build.0 = Release|Any CPU
		{DF777867-3388-4E97-8276-0C8DEE50B34B}.Release|x86.ActiveCfg = Release|Any CPU
		{DF777867-3388-4E97-8276-0C8DEE50B34B}.Release|x86.Build.0 = Release|Any CPU
	EndGlobalSection
EndGlobal
